
Microsoft Visual Studio Solution File, Format Version 12.00
# Visual Studio Version 16
VisualStudioVersion = 16.0.31025.194
MinimumVisualStudioVersion = 10.0.40219.1
Project("{FAE04EC0-301F-11D3-BF4B-00C04F79EFBC}") = "Lab_5.5", "Lab_5.5\Lab_5.5.csproj", "{6C4826DF-7F80-444A-A4F1-B96F736D6A7F}"
EndProject
Global
	GlobalSection(SolutionConfigurationPlatforms) = preSolution
		Debug|Any CPU = Debug|Any CPU
		Release|Any CPU = Release|Any CPU
	EndGlobalSection
	GlobalSection(ProjectConfigurationPlatforms) = postSolution
		{6C4826DF-7F80-444A-A4F1-B96F736D6A7F}.Debug|Any CPU.ActiveCfg = Debug|Any CPU
		{6C4826DF-7F80-444A-A4F1-B96F736D6A7F}.Debug|Any CPU.Build.0 = Debug|Any CPU
		{6C4826DF-7F80-444A-A4F1-B96F736D6A7F}.Release|Any CPU.ActiveCfg = Release|Any CPU
		{6C4826DF-7F80-444A-A4F1-B96F736D6A7F}.Release|Any CPU.Build.0 = Release|Any CPU
	EndGlobalSection
	GlobalSection(SolutionProperties) = preSolution
		HideSolutionNode = FALSE
	EndGlobalSection
	GlobalSection(ExtensibilityGlobals) = postSolution
		SolutionGuid = {5A83BF54-3FB7-4B0D-8607-6690992A50A7}
	EndGlobalSection
EndGlobal
