
Microsoft Visual Studio Solution File, Format Version 12.00
# Visual Studio Version 16
VisualStudioVersion = 16.0.31025.194
MinimumVisualStudioVersion = 10.0.40219.1
Project("{FAE04EC0-301F-11D3-BF4B-00C04F79EFBC}") = "Lab5", "Lab5\Lab5.csproj", "{43911464-1F02-4E51-A95C-AE1A734D4E2D}"
EndProject
Global
	GlobalSection(SolutionConfigurationPlatforms) = preSolution
		Debug|Any CPU = Debug|Any CPU
		Release|Any CPU = Release|Any CPU
	EndGlobalSection
	GlobalSection(ProjectConfigurationPlatforms) = postSolution
		{43911464-1F02-4E51-A95C-AE1A734D4E2D}.Debug|Any CPU.ActiveCfg = Debug|Any CPU
		{43911464-1F02-4E51-A95C-AE1A734D4E2D}.Debug|Any CPU.Build.0 = Debug|Any CPU
		{43911464-1F02-4E51-A95C-AE1A734D4E2D}.Release|Any CPU.ActiveCfg = Release|Any CPU
		{43911464-1F02-4E51-A95C-AE1A734D4E2D}.Release|Any CPU.Build.0 = Release|Any CPU
	EndGlobalSection
	GlobalSection(SolutionProperties) = preSolution
		HideSolutionNode = FALSE
	EndGlobalSection
	GlobalSection(ExtensibilityGlobals) = postSolution
		SolutionGuid = {840A1E37-4974-43E7-8713-1B0C81EB7A33}
	EndGlobalSection
EndGlobal
